{
  "name": "@agentkit/adapter",
  "version": "1.0.0",
  "lockfileVersion": 3,
  "requires": true,
  "packages": {
    "": {
      "name": "@agentkit/adapter",
      "version": "1.0.0",
      "license": "Apache-2.0",
      "dependencies": {
        "@agentkit/merchant": "file:../packages/merchant"
      },
      "engines": {
        "node": ">=18"
      }
    },
    "../packages/merchant": {
      "name": "@agentkit/merchant",
      "version": "1.0.0",
      "license": "Apache-2.0",
      "engines": {
        "node": ">=18"
      }
    },
    "node_modules/@agentkit/merchant": {
      "resolved": "../packages/merchant",
      "link": true
    }
  }
}
